
Microsoft Visual Studio Solution File, Format Version 12.00
# Visual Studio Version 17
VisualStudioVersion = 17.3.32721.290
MinimumVisualStudioVersion = 10.0.40219.1
Project("{FAE04EC0-301F-11D3-BF4B-00C04F79EFBC}") = "TelegramBotProject", "TelegramBotProject\TelegramBotProject.csproj", "{04BD679F-3826-4501-9228-AD846116902E}"
EndProject
Global
	GlobalSection(SolutionConfigurationPlatforms) = preSolution
		Debug|Any CPU = Debug|Any CPU
		Release|Any CPU = Release|Any CPU
	EndGlobalSection
	GlobalSection(ProjectConfigurationPlatforms) = postSolution
		{04BD679F-3826-4501-9228-AD846116902E}.Debug|Any CPU.ActiveCfg = Debug|Any CPU
		{04BD679F-3826-4501-9228-AD846116902E}.Debug|Any CPU.Build.0 = Debug|Any CPU
		{04BD679F-3826-4501-9228-AD846116902E}.Release|Any CPU.ActiveCfg = Release|Any CPU
		{04BD679F-3826-4501-9228-AD846116902E}.Release|Any CPU.Build.0 = Release|Any CPU
	EndGlobalSection
	GlobalSection(SolutionProperties) = preSolution
		HideSolutionNode = FALSE
	EndGlobalSection
	GlobalSection(ExtensibilityGlobals) = postSolution
		SolutionGuid = {8325E617-98DD-4D5C-A62E-79EB95EA1B32}
	EndGlobalSection
EndGlobal
